// !$*UTF8*$!
{
	archiveVersion = 1;
	classes = {
	};
	objectVersion = 46;
	objects = {

/* Begin PBXBuildFile section */
		C9FA576784EF5DA9D7057682 /* Pods_One.framework in Frameworks */ = {isa = PBXBuildFile; fileRef = E7192DC4AF6748C5C1836193 /* Pods_One.framework */; };
		DD1252131D6303DE00159994 /* HomeModel.swift in Sources */ = {isa = PBXBuildFile; fileRef = DD1252121D6303DE00159994 /* HomeModel.swift */; };
		DD12523F1D630DAE00159994 /* AnimatedImageView.swift in Sources */ = {isa = PBXBuildFile; fileRef = DD1252311D630DAE00159994 /* AnimatedImageView.swift */; };
		DD1252401D630DAE00159994 /* Image.swift in Sources */ = {isa = PBXBuildFile; fileRef = DD1252321D630DAE00159994 /* Image.swift */; };
		DD1252411D630DAE00159994 /* ImageCache.swift in Sources */ = {isa = PBXBuildFile; fileRef = DD1252331D630DAE00159994 /* ImageCache.swift */; };
		DD1252421D630DAE00159994 /* ImageDownloader.swift in Sources */ = {isa = PBXBuildFile; fileRef = DD1252341D630DAE00159994 /* ImageDownloader.swift */; };
		DD1252431D630DAE00159994 /* ImagePrefetcher.swift in Sources */ = {isa = PBXBuildFile; fileRef = DD1252351D630DAE00159994 /* ImagePrefetcher.swift */; };
		DD1252441D630DAE00159994 /* ImageTransition.swift in Sources */ = {isa = PBXBuildFile; fileRef = DD1252361D630DAE00159994 /* ImageTransition.swift */; };
		DD1252451D630DAE00159994 /* ImageView+Kingfisher.swift in Sources */ = {isa = PBXBuildFile; fileRef = DD1252371D630DAE00159994 /* ImageView+Kingfisher.swift */; };
		DD1252461D630DAE00159994 /* KingfisherManager.swift in Sources */ = {isa = PBXBuildFile; fileRef = DD1252391D630DAE00159994 /* KingfisherManager.swift */; };
		DD1252471D630DAE00159994 /* KingfisherOptionsInfo.swift in Sources */ = {isa = PBXBuildFile; fileRef = DD12523A1D630DAE00159994 /* KingfisherOptionsInfo.swift */; };
		DD1252481D630DAE00159994 /* Resource.swift in Sources */ = {isa = PBXBuildFile; fileRef = DD12523B1D630DAE00159994 /* Resource.swift */; };
		DD1252491D630DAE00159994 /* String+MD5.swift in Sources */ = {isa = PBXBuildFile; fileRef = DD12523C1D630DAE00159994 /* String+MD5.swift */; };
		DD12524A1D630DAE00159994 /* ThreadHelper.swift in Sources */ = {isa = PBXBuildFile; fileRef = DD12523D1D630DAE00159994 /* ThreadHelper.swift */; };
		DD12524B1D630DAE00159994 /* UIButton+Kingfisher.swift in Sources */ = {isa = PBXBuildFile; fileRef = DD12523E1D630DAE00159994 /* UIButton+Kingfisher.swift */; };
		DD1252751D63187D00159994 /* app_home.png in Resources */ = {isa = PBXBuildFile; fileRef = DD1252691D63187D00159994 /* app_home.png */; };
		DD1252761D63187D00159994 /* app_home@1.png in Resources */ = {isa = PBXBuildFile; fileRef = DD12526A1D63187D00159994 /* app_home@1.png */; };
		DD1252771D63187D00159994 /* app_home@2.png in Resources */ = {isa = PBXBuildFile; fileRef = DD12526B1D63187D00159994 /* app_home@2.png */; };
		DD1252781D63187D00159994 /* app_movie.png in Resources */ = {isa = PBXBuildFile; fileRef = DD12526C1D63187D00159994 /* app_movie.png */; };
		DD1252791D63187D00159994 /* app_movie@1.png in Resources */ = {isa = PBXBuildFile; fileRef = DD12526D1D63187D00159994 /* app_movie@1.png */; };
		DD12527A1D63187D00159994 /* app_movie@2.png in Resources */ = {isa = PBXBuildFile; fileRef = DD12526E1D63187D00159994 /* app_movie@2.png */; };
		DD12527B1D63187D00159994 /* app_music.png in Resources */ = {isa = PBXBuildFile; fileRef = DD12526F1D63187D00159994 /* app_music.png */; };
		DD12527C1D63187D00159994 /* app_music@1.png in Resources */ = {isa = PBXBuildFile; fileRef = DD1252701D63187D00159994 /* app_music@1.png */; };
		DD12527D1D63187D00159994 /* app_music@2.png in Resources */ = {isa = PBXBuildFile; fileRef = DD1252711D63187D00159994 /* app_music@2.png */; };
		DD12527E1D63187D00159994 /* app_read.png in Resources */ = {isa = PBXBuildFile; fileRef = DD1252721D63187D00159994 /* app_read.png */; };
		DD12527F1D63187D00159994 /* app_read@1.png in Resources */ = {isa = PBXBuildFile; fileRef = DD1252731D63187D00159994 /* app_read@1.png */; };
		DD1252801D63187D00159994 /* app_read@2.png in Resources */ = {isa = PBXBuildFile; fileRef = DD1252741D63187D00159994 /* app_read@2.png */; };
		DD1252821D63188D00159994 /* bg.png in Resources */ = {isa = PBXBuildFile; fileRef = DD1252811D63188D00159994 /* bg.png */; };
		DD1252841D632EBB00159994 /* CustomImageView.swift in Sources */ = {isa = PBXBuildFile; fileRef = DD1252831D632EBB00159994 /* CustomImageView.swift */; };
		DD336C0A1D645F3900617867 /* world.png in Resources */ = {isa = PBXBuildFile; fileRef = DD336C091D645F3900617867 /* world.png */; };
		DD336C0C1D64669900617867 /* UIImageView+Util.swift in Sources */ = {isa = PBXBuildFile; fileRef = DD336C0B1D64669900617867 /* UIImageView+Util.swift */; };
		DD336C0E1D6484F400617867 /* book.png in Resources */ = {isa = PBXBuildFile; fileRef = DD336C0D1D6484F400617867 /* book.png */; };
		DD336C111D648A6C00617867 /* fangfajin.png in Resources */ = {isa = PBXBuildFile; fileRef = DD336C0F1D648A6C00617867 /* fangfajin.png */; };
		DD336C121D648A6C00617867 /* person.png in Resources */ = {isa = PBXBuildFile; fileRef = DD336C101D648A6C00617867 /* person.png */; };
		DD336C141D648CD300617867 /* MovieModel.swift in Sources */ = {isa = PBXBuildFile; fileRef = DD336C131D648CD300617867 /* MovieModel.swift */; };
		DD336C171D64902C00617867 /* MovieCell.swift in Sources */ = {isa = PBXBuildFile; fileRef = DD336C151D64902C00617867 /* MovieCell.swift */; };
		DD336C181D64902C00617867 /* MovieCell.xib in Resources */ = {isa = PBXBuildFile; fileRef = DD336C161D64902C00617867 /* MovieCell.xib */; };
		DD5689321D61DCAC007C65FB /* NavViewController.swift in Sources */ = {isa = PBXBuildFile; fileRef = DD5689311D61DCAC007C65FB /* NavViewController.swift */; };
		DD5689341D61DD79007C65FB /* Download.swift in Sources */ = {isa = PBXBuildFile; fileRef = DD5689331D61DD79007C65FB /* Download.swift */; };
		DD5B605C1D61AC260094950D /* AppDelegate.swift in Sources */ = {isa = PBXBuildFile; fileRef = DD5B605B1D61AC260094950D /* AppDelegate.swift */; };
		DD5B605E1D61AC260094950D /* ViewController.swift in Sources */ = {isa = PBXBuildFile; fileRef = DD5B605D1D61AC260094950D /* ViewController.swift */; };
		DD5B60611D61AC260094950D /* Main.storyboard in Resources */ = {isa = PBXBuildFile; fileRef = DD5B605F1D61AC260094950D /* Main.storyboard */; };
		DD5B60631D61AC260094950D /* Assets.xcassets in Resources */ = {isa = PBXBuildFile; fileRef = DD5B60621D61AC260094950D /* Assets.xcassets */; };
		DD5B60661D61AC260094950D /* LaunchScreen.storyboard in Resources */ = {isa = PBXBuildFile; fileRef = DD5B60641D61AC260094950D /* LaunchScreen.storyboard */; };
		DD5B60711D61AC260094950D /* OneTests.swift in Sources */ = {isa = PBXBuildFile; fileRef = DD5B60701D61AC260094950D /* OneTests.swift */; };
		DD5B607C1D61AC260094950D /* OneUITests.swift in Sources */ = {isa = PBXBuildFile; fileRef = DD5B607B1D61AC260094950D /* OneUITests.swift */; };
		DD5B60AA1D61B2B40094950D /* UIImage+Gif.swift in Sources */ = {isa = PBXBuildFile; fileRef = DD5B60A91D61B2B40094950D /* UIImage+Gif.swift */; };
		DD5B60AE1D61B3800094950D /* LaunchImageViewController.swift in Sources */ = {isa = PBXBuildFile; fileRef = DD5B60AD1D61B3800094950D /* LaunchImageViewController.swift */; };
		DD5B60C01D61BE390094950D /* AppIcon29x29@2x.png in Resources */ = {isa = PBXBuildFile; fileRef = DD5B60B11D61BE390094950D /* AppIcon29x29@2x.png */; };
		DD5B60C11D61BE390094950D /* AppIcon29x29@2x~ipad.png in Resources */ = {isa = PBXBuildFile; fileRef = DD5B60B21D61BE390094950D /* AppIcon29x29@2x~ipad.png */; };
		DD5B60C21D61BE390094950D /* AppIcon29x29@3x.png in Resources */ = {isa = PBXBuildFile; fileRef = DD5B60B31D61BE390094950D /* AppIcon29x29@3x.png */; };
		DD5B60C31D61BE390094950D /* AppIcon40x40@2x.png in Resources */ = {isa = PBXBuildFile; fileRef = DD5B60B41D61BE390094950D /* AppIcon40x40@2x.png */; };
		DD5B60C41D61BE390094950D /* AppIcon40x40@2x~ipad.png in Resources */ = {isa = PBXBuildFile; fileRef = DD5B60B51D61BE390094950D /* AppIcon40x40@2x~ipad.png */; };
		DD5B60C51D61BE390094950D /* AppIcon40x40@3x.png in Resources */ = {isa = PBXBuildFile; fileRef = DD5B60B61D61BE390094950D /* AppIcon40x40@3x.png */; };
		DD5B60C61D61BE390094950D /* AppIcon40x40~ipad.png in Resources */ = {isa = PBXBuildFile; fileRef = DD5B60B71D61BE390094950D /* AppIcon40x40~ipad.png */; };
		DD5B60C71D61BE390094950D /* AppIcon60x60@2x.png in Resources */ = {isa = PBXBuildFile; fileRef = DD5B60B81D61BE390094950D /* AppIcon60x60@2x.png */; };
		DD5B60C81D61BE390094950D /* AppIcon60x60@3x.png in Resources */ = {isa = PBXBuildFile; fileRef = DD5B60B91D61BE390094950D /* AppIcon60x60@3x.png */; };
		DD5B60C91D61BE390094950D /* LaunchImage-700-568h@2x.png in Resources */ = {isa = PBXBuildFile; fileRef = DD5B60BB1D61BE390094950D /* LaunchImage-700-568h@2x.png */; };
		DD5B60CA1D61BE390094950D /* LaunchImage-700@2x.png in Resources */ = {isa = PBXBuildFile; fileRef = DD5B60BC1D61BE390094950D /* LaunchImage-700@2x.png */; };
		DD5B60CB1D61BE390094950D /* LaunchImage-800-667h@2x.png in Resources */ = {isa = PBXBuildFile; fileRef = DD5B60BD1D61BE390094950D /* LaunchImage-800-667h@2x.png */; };
		DD5B60CC1D61BE390094950D /* LaunchImage-800-Landscape-736h@3x.png in Resources */ = {isa = PBXBuildFile; fileRef = DD5B60BE1D61BE390094950D /* LaunchImage-800-Landscape-736h@3x.png */; };
		DD5B60CD1D61BE390094950D /* LaunchImage-800-Portrait-736h@3x.png in Resources */ = {isa = PBXBuildFile; fileRef = DD5B60BF1D61BE390094950D /* LaunchImage-800-Portrait-736h@3x.png */; };
		DD5B60CF1D61BF900094950D /* MainTabBarController.swift in Sources */ = {isa = PBXBuildFile; fileRef = DD5B60CE1D61BF900094950D /* MainTabBarController.swift */; };
		DD5B60D11D61BFE70094950D /* BaseViewController.swift in Sources */ = {isa = PBXBuildFile; fileRef = DD5B60D01D61BFE70094950D /* BaseViewController.swift */; };
		DD5B60D31D61BFF90094950D /* HomeViewController.swift in Sources */ = {isa = PBXBuildFile; fileRef = DD5B60D21D61BFF90094950D /* HomeViewController.swift */; };
		DD5B60D71D61C0160094950D /* MovieViewController.swift in Sources */ = {isa = PBXBuildFile; fileRef = DD5B60D61D61C0160094950D /* MovieViewController.swift */; };
		DD5B60D91D61C0220094950D /* MusicViewController.swift in Sources */ = {isa = PBXBuildFile; fileRef = DD5B60D81D61C0220094950D /* MusicViewController.swift */; };
		DD5B60DB1D61C0330094950D /* ReadViewController.swift in Sources */ = {isa = PBXBuildFile; fileRef = DD5B60DA1D61C0330094950D /* ReadViewController.swift */; };
		DD5B60DF1D61C2290094950D /* UIButton+Util.swift in Sources */ = {isa = PBXBuildFile; fileRef = DD5B60DC1D61C2290094950D /* UIButton+Util.swift */; };
		DD5B60E01D61C2290094950D /* UILabel+Util.swift in Sources */ = {isa = PBXBuildFile; fileRef = DD5B60DD1D61C2290094950D /* UILabel+Util.swift */; };
		DD5B60E11D61C2290094950D /* UIView+Util.swift in Sources */ = {isa = PBXBuildFile; fileRef = DD5B60DE1D61C2290094950D /* UIView+Util.swift */; };
		DD5B60E51D61C51B0094950D /* LFConst.swift in Sources */ = {isa = PBXBuildFile; fileRef = DD5B60E41D61C51B0094950D /* LFConst.swift */; };
/* End PBXBuildFile section */

/* Begin PBXContainerItemProxy section */
		DD5B606D1D61AC260094950D /* PBXContainerItemProxy */ = {
			isa = PBXContainerItemProxy;
			containerPortal = DD5B60501D61AC260094950D /* Project object */;
			proxyType = 1;
			remoteGlobalIDString = DD5B60571D61AC260094950D;
			remoteInfo = One;
		};
		DD5B60781D61AC260094950D /* PBXContainerItemProxy */ = {
			isa = PBXContainerItemProxy;
			containerPortal = DD5B60501D61AC260094950D /* Project object */;
			proxyType = 1;
			remoteGlobalIDString = DD5B60571D61AC260094950D;
			remoteInfo = One;
		};
/* End PBXContainerItemProxy section */

/* Begin PBXFileReference section */
		5595D86E23DF00D00BD8E8B3 /* Pods-One.release.xcconfig */ = {isa = PBXFileReference; includeInIndex = 1; lastKnownFileType = text.xcconfig; name = "Pods-One.release.xcconfig"; path = "Pods/Target Support Files/Pods-One/Pods-One.release.xcconfig"; sourceTree = "<group>"; };
		7F48818A8731C02DCA3A4C97 /* Pods-One.debug.xcconfig */ = {isa = PBXFileReference; includeInIndex = 1; lastKnownFileType = text.xcconfig; name = "Pods-One.debug.xcconfig"; path = "Pods/Target Support Files/Pods-One/Pods-One.debug.xcconfig"; sourceTree = "<group>"; };
		DD1252121D6303DE00159994 /* HomeModel.swift */ = {isa = PBXFileReference; fileEncoding = 4; lastKnownFileType = sourcecode.swift; path = HomeModel.swift; sourceTree = "<group>"; };
		DD1252311D630DAE00159994 /* AnimatedImageView.swift */ = {isa = PBXFileReference; fileEncoding = 4; lastKnownFileType = sourcecode.swift; path = AnimatedImageView.swift; sourceTree = "<group>"; };
		DD1252321D630DAE00159994 /* Image.swift */ = {isa = PBXFileReference; fileEncoding = 4; lastKnownFileType = sourcecode.swift; path = Image.swift; sourceTree = "<group>"; };
		DD1252331D630DAE00159994 /* ImageCache.swift */ = {isa = PBXFileReference; fileEncoding = 4; lastKnownFileType = sourcecode.swift; path = ImageCache.swift; sourceTree = "<group>"; };
		DD1252341D630DAE00159994 /* ImageDownloader.swift */ = {isa = PBXFileReference; fileEncoding = 4; lastKnownFileType = sourcecode.swift; path = ImageDownloader.swift; sourceTree = "<group>"; };
		DD1252351D630DAE00159994 /* ImagePrefetcher.swift */ = {isa = PBXFileReference; fileEncoding = 4; lastKnownFileType = sourcecode.swift; path = ImagePrefetcher.swift; sourceTree = "<group>"; };
		DD1252361D630DAE00159994 /* ImageTransition.swift */ = {isa = PBXFileReference; fileEncoding = 4; lastKnownFileType = sourcecode.swift; path = ImageTransition.swift; sourceTree = "<group>"; };
		DD1252371D630DAE00159994 /* ImageView+Kingfisher.swift */ = {isa = PBXFileReference; fileEncoding = 4; lastKnownFileType = sourcecode.swift; path = "ImageView+Kingfisher.swift"; sourceTree = "<group>"; };
		DD1252381D630DAE00159994 /* Kingfisher.h */ = {isa = PBXFileReference; fileEncoding = 4; lastKnownFileType = sourcecode.c.h; path = Kingfisher.h; sourceTree = "<group>"; };
		DD1252391D630DAE00159994 /* KingfisherManager.swift */ = {isa = PBXFileReference; fileEncoding = 4; lastKnownFileType = sourcecode.swift; path = KingfisherManager.swift; sourceTree = "<group>"; };
		DD12523A1D630DAE00159994 /* KingfisherOptionsInfo.swift */ = {isa = PBXFileReference; fileEncoding = 4; lastKnownFileType = sourcecode.swift; path = KingfisherOptionsInfo.swift; sourceTree = "<group>"; };
		DD12523B1D630DAE00159994 /* Resource.swift */ = {isa = PBXFileReference; fileEncoding = 4; lastKnownFileType = sourcecode.swift; path = Resource.swift; sourceTree = "<group>"; };
		DD12523C1D630DAE00159994 /* String+MD5.swift */ = {isa = PBXFileReference; fileEncoding = 4; lastKnownFileType = sourcecode.swift; path = "String+MD5.swift"; sourceTree = "<group>"; };
		DD12523D1D630DAE00159994 /* ThreadHelper.swift */ = {isa = PBXFileReference; fileEncoding = 4; lastKnownFileType = sourcecode.swift; path = ThreadHelper.swift; sourceTree = "<group>"; };
		DD12523E1D630DAE00159994 /* UIButton+Kingfisher.swift */ = {isa = PBXFileReference; fileEncoding = 4; lastKnownFileType = sourcecode.swift; path = "UIButton+Kingfisher.swift"; sourceTree = "<group>"; };
		DD1252691D63187D00159994 /* app_home.png */ = {isa = PBXFileReference; lastKnownFileType = image.png; path = app_home.png; sourceTree = "<group>"; };
		DD12526A1D63187D00159994 /* app_home@1.png */ = {isa = PBXFileReference; lastKnownFileType = image.png; path = "app_home@1.png"; sourceTree = "<group>"; };
		DD12526B1D63187D00159994 /* app_home@2.png */ = {isa = PBXFileReference; lastKnownFileType = image.png; path = "app_home@2.png"; sourceTree = "<group>"; };
		DD12526C1D63187D00159994 /* app_movie.png */ = {isa = PBXFileReference; lastKnownFileType = image.png; path = app_movie.png; sourceTree = "<group>"; };
		DD12526D1D63187D00159994 /* app_movie@1.png */ = {isa = PBXFileReference; lastKnownFileType = image.png; path = "app_movie@1.png"; sourceTree = "<group>"; };
		DD12526E1D63187D00159994 /* app_movie@2.png */ = {isa = PBXFileReference; lastKnownFileType = image.png; path = "app_movie@2.png"; sourceTree = "<group>"; };
		DD12526F1D63187D00159994 /* app_music.png */ = {isa = PBXFileReference; lastKnownFileType = image.png; path = app_music.png; sourceTree = "<group>"; };
		DD1252701D63187D00159994 /* app_music@1.png */ = {isa = PBXFileReference; lastKnownFileType = image.png; path = "app_music@1.png"; sourceTree = "<group>"; };
		DD1252711D63187D00159994 /* app_music@2.png */ = {isa = PBXFileReference; lastKnownFileType = image.png; path = "app_music@2.png"; sourceTree = "<group>"; };
		DD1252721D63187D00159994 /* app_read.png */ = {isa = PBXFileReference; lastKnownFileType = image.png; path = app_read.png; sourceTree = "<group>"; };
		DD1252731D63187D00159994 /* app_read@1.png */ = {isa = PBXFileReference; lastKnownFileType = image.png; path = "app_read@1.png"; sourceTree = "<group>"; };
		DD1252741D63187D00159994 /* app_read@2.png */ = {isa = PBXFileReference; lastKnownFileType = image.png; path = "app_read@2.png"; sourceTree = "<group>"; };
		DD1252811D63188D00159994 /* bg.png */ = {isa = PBXFileReference; lastKnownFileType = image.png; path = bg.png; sourceTree = "<group>"; };
		DD1252831D632EBB00159994 /* CustomImageView.swift */ = {isa = PBXFileReference; fileEncoding = 4; lastKnownFileType = sourcecode.swift; path = CustomImageView.swift; sourceTree = "<group>"; };
		DD336C091D645F3900617867 /* world.png */ = {isa = PBXFileReference; lastKnownFileType = image.png; path = world.png; sourceTree = "<group>"; };
		DD336C0B1D64669900617867 /* UIImageView+Util.swift */ = {isa = PBXFileReference; fileEncoding = 4; lastKnownFileType = sourcecode.swift; path = "UIImageView+Util.swift"; sourceTree = "<group>"; };
		DD336C0D1D6484F400617867 /* book.png */ = {isa = PBXFileReference; lastKnownFileType = image.png; path = book.png; sourceTree = "<group>"; };
		DD336C0F1D648A6C00617867 /* fangfajin.png */ = {isa = PBXFileReference; lastKnownFileType = image.png; path = fangfajin.png; sourceTree = "<group>"; };
		DD336C101D648A6C00617867 /* person.png */ = {isa = PBXFileReference; lastKnownFileType = image.png; path = person.png; sourceTree = "<group>"; };
		DD336C131D648CD300617867 /* MovieModel.swift */ = {isa = PBXFileReference; fileEncoding = 4; lastKnownFileType = sourcecode.swift; path = MovieModel.swift; sourceTree = "<group>"; };
		DD336C151D64902C00617867 /* MovieCell.swift */ = {isa = PBXFileReference; fileEncoding = 4; lastKnownFileType = sourcecode.swift; path = MovieCell.swift; sourceTree = "<group>"; };
		DD336C161D64902C00617867 /* MovieCell.xib */ = {isa = PBXFileReference; fileEncoding = 4; lastKnownFileType = file.xib; path = MovieCell.xib; sourceTree = "<group>"; };
		DD5689311D61DCAC007C65FB /* NavViewController.swift */ = {isa = PBXFileReference; fileEncoding = 4; lastKnownFileType = sourcecode.swift; path = NavViewController.swift; sourceTree = "<group>"; };
		DD5689331D61DD79007C65FB /* Download.swift */ = {isa = PBXFileReference; fileEncoding = 4; lastKnownFileType = sourcecode.swift; path = Download.swift; sourceTree = "<group>"; };
		DD5B60581D61AC260094950D /* One.app */ = {isa = PBXFileReference; explicitFileType = wrapper.application; includeInIndex = 0; path = One.app; sourceTree = BUILT_PRODUCTS_DIR; };
		DD5B605B1D61AC260094950D /* AppDelegate.swift */ = {isa = PBXFileReference; lastKnownFileType = sourcecode.swift; path = AppDelegate.swift; sourceTree = "<group>"; };
		DD5B605D1D61AC260094950D /* ViewController.swift */ = {isa = PBXFileReference; lastKnownFileType = sourcecode.swift; path = ViewController.swift; sourceTree = "<group>"; };
		DD5B60601D61AC260094950D /* Base */ = {isa = PBXFileReference; lastKnownFileType = file.storyboard; name = Base; path = Base.lproj/Main.storyboard; sourceTree = "<group>"; };
		DD5B60621D61AC260094950D /* Assets.xcassets */ = {isa = PBXFileReference; lastKnownFileType = folder.assetcatalog; path = Assets.xcassets; sourceTree = "<group>"; };
		DD5B60651D61AC260094950D /* Base */ = {isa = PBXFileReference; lastKnownFileType = file.storyboard; name = Base; path = Base.lproj/LaunchScreen.storyboard; sourceTree = "<group>"; };
		DD5B60671D61AC260094950D /* Info.plist */ = {isa = PBXFileReference; lastKnownFileType = text.plist.xml; path = Info.plist; sourceTree = "<group>"; };
		DD5B606C1D61AC260094950D /* OneTests.xctest */ = {isa = PBXFileReference; explicitFileType = wrapper.cfbundle; includeInIndex = 0; path = OneTests.xctest; sourceTree = BUILT_PRODUCTS_DIR; };
		DD5B60701D61AC260094950D /* OneTests.swift */ = {isa = PBXFileReference; lastKnownFileType = sourcecode.swift; path = OneTests.swift; sourceTree = "<group>"; };
		DD5B60721D61AC260094950D /* Info.plist */ = {isa = PBXFileReference; lastKnownFileType = text.plist.xml; path = Info.plist; sourceTree = "<group>"; };
		DD5B60771D61AC260094950D /* OneUITests.xctest */ = {isa = PBXFileReference; explicitFileType = wrapper.cfbundle; includeInIndex = 0; path = OneUITests.xctest; sourceTree = BUILT_PRODUCTS_DIR; };
		DD5B607B1D61AC260094950D /* OneUITests.swift */ = {isa = PBXFileReference; lastKnownFileType = sourcecode.swift; path = OneUITests.swift; sourceTree = "<group>"; };
		DD5B607D1D61AC260094950D /* Info.plist */ = {isa = PBXFileReference; lastKnownFileType = text.plist.xml; path = Info.plist; sourceTree = "<group>"; };
		DD5B60A91D61B2B40094950D /* UIImage+Gif.swift */ = {isa = PBXFileReference; fileEncoding = 4; lastKnownFileType = sourcecode.swift; path = "UIImage+Gif.swift"; sourceTree = "<group>"; };
		DD5B60AD1D61B3800094950D /* LaunchImageViewController.swift */ = {isa = PBXFileReference; fileEncoding = 4; lastKnownFileType = sourcecode.swift; path = LaunchImageViewController.swift; sourceTree = "<group>"; };
		DD5B60B11D61BE390094950D /* AppIcon29x29@2x.png */ = {isa = PBXFileReference; lastKnownFileType = image.png; path = "AppIcon29x29@2x.png"; sourceTree = "<group>"; };
		DD5B60B21D61BE390094950D /* AppIcon29x29@2x~ipad.png */ = {isa = PBXFileReference; lastKnownFileType = image.png; path = "AppIcon29x29@2x~ipad.png"; sourceTree = "<group>"; };
		DD5B60B31D61BE390094950D /* AppIcon29x29@3x.png */ = {isa = PBXFileReference; lastKnownFileType = image.png; path = "AppIcon29x29@3x.png"; sourceTree = "<group>"; };
		DD5B60B41D61BE390094950D /* AppIcon40x40@2x.png */ = {isa = PBXFileReference; lastKnownFileType = image.png; path = "AppIcon40x40@2x.png"; sourceTree = "<group>"; };
		DD5B60B51D61BE390094950D /* AppIcon40x40@2x~ipad.png */ = {isa = PBXFileReference; lastKnownFileType = image.png; path = "AppIcon40x40@2x~ipad.png"; sourceTree = "<group>"; };
		DD5B60B61D61BE390094950D /* AppIcon40x40@3x.png */ = {isa = PBXFileReference; lastKnownFileType = image.png; path = "AppIcon40x40@3x.png"; sourceTree = "<group>"; };
		DD5B60B71D61BE390094950D /* AppIcon40x40~ipad.png */ = {isa = PBXFileReference; lastKnownFileType = image.png; path = "AppIcon40x40~ipad.png"; sourceTree = "<group>"; };
		DD5B60B81D61BE390094950D /* AppIcon60x60@2x.png */ = {isa = PBXFileReference; lastKnownFileType = image.png; path = "AppIcon60x60@2x.png"; sourceTree = "<group>"; };
		DD5B60B91D61BE390094950D /* AppIcon60x60@3x.png */ = {isa = PBXFileReference; lastKnownFileType = image.png; path = "AppIcon60x60@3x.png"; sourceTree = "<group>"; };
		DD5B60BB1D61BE390094950D /* LaunchImage-700-568h@2x.png */ = {isa = PBXFileReference; lastKnownFileType = image.png; path = "LaunchImage-700-568h@2x.png"; sourceTree = "<group>"; };
		DD5B60BC1D61BE390094950D /* LaunchImage-700@2x.png */ = {isa = PBXFileReference; lastKnownFileType = image.png; path = "LaunchImage-700@2x.png"; sourceTree = "<group>"; };
		DD5B60BD1D61BE390094950D /* LaunchImage-800-667h@2x.png */ = {isa = PBXFileReference; lastKnownFileType = image.png; path = "LaunchImage-800-667h@2x.png"; sourceTree = "<group>"; };
		DD5B60BE1D61BE390094950D /* LaunchImage-800-Landscape-736h@3x.png */ = {isa = PBXFileReference; lastKnownFileType = image.png; path = "LaunchImage-800-Landscape-736h@3x.png"; sourceTree = "<group>"; };
		DD5B60BF1D61BE390094950D /* LaunchImage-800-Portrait-736h@3x.png */ = {isa = PBXFileReference; lastKnownFileType = image.png; path = "LaunchImage-800-Portrait-736h@3x.png"; sourceTree = "<group>"; };
		DD5B60CE1D61BF900094950D /* MainTabBarController.swift */ = {isa = PBXFileReference; fileEncoding = 4; lastKnownFileType = sourcecode.swift; path = MainTabBarController.swift; sourceTree = "<group>"; };
		DD5B60D01D61BFE70094950D /* BaseViewController.swift */ = {isa = PBXFileReference; fileEncoding = 4; lastKnownFileType = sourcecode.swift; path = BaseViewController.swift; sourceTree = "<group>"; };
		DD5B60D21D61BFF90094950D /* HomeViewController.swift */ = {isa = PBXFileReference; fileEncoding = 4; lastKnownFileType = sourcecode.swift; path = HomeViewController.swift; sourceTree = "<group>"; };
		DD5B60D61D61C0160094950D /* MovieViewController.swift */ = {isa = PBXFileReference; fileEncoding = 4; lastKnownFileType = sourcecode.swift; path = MovieViewController.swift; sourceTree = "<group>"; };
		DD5B60D81D61C0220094950D /* MusicViewController.swift */ = {isa = PBXFileReference; fileEncoding = 4; lastKnownFileType = sourcecode.swift; path = MusicViewController.swift; sourceTree = "<group>"; };
		DD5B60DA1D61C0330094950D /* ReadViewController.swift */ = {isa = PBXFileReference; fileEncoding = 4; lastKnownFileType = sourcecode.swift; path = ReadViewController.swift; sourceTree = "<group>"; };
		DD5B60DC1D61C2290094950D /* UIButton+Util.swift */ = {isa = PBXFileReference; fileEncoding = 4; lastKnownFileType = sourcecode.swift; path = "UIButton+Util.swift"; sourceTree = "<group>"; };
		DD5B60DD1D61C2290094950D /* UILabel+Util.swift */ = {isa = PBXFileReference; fileEncoding = 4; lastKnownFileType = sourcecode.swift; path = "UILabel+Util.swift"; sourceTree = "<group>"; };
		DD5B60DE1D61C2290094950D /* UIView+Util.swift */ = {isa = PBXFileReference; fileEncoding = 4; lastKnownFileType = sourcecode.swift; path = "UIView+Util.swift"; sourceTree = "<group>"; };
		DD5B60E41D61C51B0094950D /* LFConst.swift */ = {isa = PBXFileReference; fileEncoding = 4; lastKnownFileType = sourcecode.swift; path = LFConst.swift; sourceTree = "<group>"; };
		E7192DC4AF6748C5C1836193 /* Pods_One.framework */ = {isa = PBXFileReference; explicitFileType = wrapper.framework; includeInIndex = 0; path = Pods_One.framework; sourceTree = BUILT_PRODUCTS_DIR; };
/* End PBXFileReference section */

/* Begin PBXFrameworksBuildPhase section */
		DD5B60551D61AC260094950D /* Frameworks */ = {
			isa = PBXFrameworksBuildPhase;
			buildActionMask = 2147483647;
			files = (
				C9FA576784EF5DA9D7057682 /* Pods_One.framework in Frameworks */,
			);
			runOnlyForDeploymentPostprocessing = 0;
		};
		DD5B60691D61AC260094950D /* Frameworks */ = {
			isa = PBXFrameworksBuildPhase;
			buildActionMask = 2147483647;
			files = (
			);
			runOnlyForDeploymentPostprocessing = 0;
		};
		DD5B60741D61AC260094950D /* Frameworks */ = {
			isa = PBXFrameworksBuildPhase;
			buildActionMask = 2147483647;
			files = (
			);
			runOnlyForDeploymentPostprocessing = 0;
		};
/* End PBXFrameworksBuildPhase section */

/* Begin PBXGroup section */
		1AB6B35EAAFD11C81E1F0DC3 /* Pods */ = {
			isa = PBXGroup;
			children = (
				7F48818A8731C02DCA3A4C97 /* Pods-One.debug.xcconfig */,
				5595D86E23DF00D00BD8E8B3 /* Pods-One.release.xcconfig */,
			);
			name = Pods;
			sourceTree = "<group>";
		};
		8B14562AD8EB68A8DC4D7901 /* Frameworks */ = {
			isa = PBXGroup;
			children = (
				E7192DC4AF6748C5C1836193 /* Pods_One.framework */,
			);
			name = Frameworks;
			sourceTree = "<group>";
		};
		DD1252301D630DAE00159994 /* Sources */ = {
			isa = PBXGroup;
			children = (
				DD1252311D630DAE00159994 /* AnimatedImageView.swift */,
				DD1252321D630DAE00159994 /* Image.swift */,
				DD1252331D630DAE00159994 /* ImageCache.swift */,
				DD1252341D630DAE00159994 /* ImageDownloader.swift */,
				DD1252351D630DAE00159994 /* ImagePrefetcher.swift */,
				DD1252361D630DAE00159994 /* ImageTransition.swift */,
				DD1252371D630DAE00159994 /* ImageView+Kingfisher.swift */,
				DD1252381D630DAE00159994 /* Kingfisher.h */,
				DD1252391D630DAE00159994 /* KingfisherManager.swift */,
				DD12523A1D630DAE00159994 /* KingfisherOptionsInfo.swift */,
				DD12523B1D630DAE00159994 /* Resource.swift */,
				DD12523C1D630DAE00159994 /* String+MD5.swift */,
				DD12523D1D630DAE00159994 /* ThreadHelper.swift */,
				DD12523E1D630DAE00159994 /* UIButton+Kingfisher.swift */,
			);
			path = Sources;
			sourceTree = "<group>";
		};
		DD1252681D63187D00159994 /* tarBar */ = {
			isa = PBXGroup;
			children = (
				DD1252811D63188D00159994 /* bg.png */,
				DD1252691D63187D00159994 /* app_home.png */,
				DD12526A1D63187D00159994 /* app_home@1.png */,
				DD12526B1D63187D00159994 /* app_home@2.png */,
				DD12526C1D63187D00159994 /* app_movie.png */,
				DD12526D1D63187D00159994 /* app_movie@1.png */,
				DD12526E1D63187D00159994 /* app_movie@2.png */,
				DD12526F1D63187D00159994 /* app_music.png */,
				DD1252701D63187D00159994 /* app_music@1.png */,
				DD1252711D63187D00159994 /* app_music@2.png */,
				DD1252721D63187D00159994 /* app_read.png */,
				DD1252731D63187D00159994 /* app_read@1.png */,
				DD1252741D63187D00159994 /* app_read@2.png */,
			);
			path = tarBar;
			sourceTree = "<group>";
		};
		DD336C081D645F3900617867 /* iconfont */ = {
			isa = PBXGroup;
			children = (
				DD336C0F1D648A6C00617867 /* fangfajin.png */,
				DD336C101D648A6C00617867 /* person.png */,
				DD336C0D1D6484F400617867 /* book.png */,
				DD336C091D645F3900617867 /* world.png */,
			);
			path = iconfont;
			sourceTree = "<group>";
		};
		DD5B604F1D61AC260094950D = {
			isa = PBXGroup;
			children = (
				DD5B605A1D61AC260094950D /* One */,
				DD5B606F1D61AC260094950D /* OneTests */,
				DD5B607A1D61AC260094950D /* OneUITests */,
				DD5B60591D61AC260094950D /* Products */,
				1AB6B35EAAFD11C81E1F0DC3 /* Pods */,
				8B14562AD8EB68A8DC4D7901 /* Frameworks */,
			);
			sourceTree = "<group>";
		};
		DD5B60591D61AC260094950D /* Products */ = {
			isa = PBXGroup;
			children = (
				DD5B60581D61AC260094950D /* One.app */,
				DD5B606C1D61AC260094950D /* OneTests.xctest */,
				DD5B60771D61AC260094950D /* OneUITests.xctest */,
			);
			name = Products;
			sourceTree = "<group>";
		};
		DD5B605A1D61AC260094950D /* One */ = {
			isa = PBXGroup;
			children = (
				DD5B60891D61AED00094950D /* classes */,
				DD5B605B1D61AC260094950D /* AppDelegate.swift */,
				DD5B605D1D61AC260094950D /* ViewController.swift */,
				DD5B605F1D61AC260094950D /* Main.storyboard */,
				DD5B60621D61AC260094950D /* Assets.xcassets */,
				DD5B60641D61AC260094950D /* LaunchScreen.storyboard */,
				DD5B60671D61AC260094950D /* Info.plist */,
				DD5B60AF1D61BE390094950D /* resouce */,
			);
			path = One;
			sourceTree = "<group>";
		};
		DD5B606F1D61AC260094950D /* OneTests */ = {
			isa = PBXGroup;
			children = (
				DD5B60701D61AC260094950D /* OneTests.swift */,
				DD5B60721D61AC260094950D /* Info.plist */,
			);
			path = OneTests;
			sourceTree = "<group>";
		};
		DD5B607A1D61AC260094950D /* OneUITests */ = {
			isa = PBXGroup;
			children = (
				DD5B607B1D61AC260094950D /* OneUITests.swift */,
				DD5B607D1D61AC260094950D /* Info.plist */,
			);
			path = OneUITests;
			sourceTree = "<group>";
		};
		DD5B60891D61AED00094950D /* classes */ = {
			isa = PBXGroup;
			children = (
				DD5B608A1D61AED00094950D /* common */,
				DD5B608B1D61AED00094950D /* home */,
				DD5B60901D61AED00094950D /* movie */,
				DD5B60951D61AED00094950D /* music */,
				DD5B609A1D61AED00094950D /* read */,
				DD5B609F1D61AED00094950D /* thirdParty */,
			);
			path = classes;
			sourceTree = "<group>";
		};
		DD5B608A1D61AED00094950D /* common */ = {
			isa = PBXGroup;
			children = (
				DD5B60AD1D61B3800094950D /* LaunchImageViewController.swift */,
				DD5B60CE1D61BF900094950D /* MainTabBarController.swift */,
				DD5B60D01D61BFE70094950D /* BaseViewController.swift */,
				DD5B60A91D61B2B40094950D /* UIImage+Gif.swift */,
				DD5B60DC1D61C2290094950D /* UIButton+Util.swift */,
				DD5B60DD1D61C2290094950D /* UILabel+Util.swift */,
				DD5B60DE1D61C2290094950D /* UIView+Util.swift */,
				DD5B60E41D61C51B0094950D /* LFConst.swift */,
				DD5689311D61DCAC007C65FB /* NavViewController.swift */,
				DD5689331D61DD79007C65FB /* Download.swift */,
				DD1252831D632EBB00159994 /* CustomImageView.swift */,
				DD336C0B1D64669900617867 /* UIImageView+Util.swift */,
			);
			path = common;
			sourceTree = "<group>";
		};
		DD5B608B1D61AED00094950D /* home */ = {
			isa = PBXGroup;
			children = (
				DD5B608C1D61AED00094950D /* homePage */,
			);
			path = home;
			sourceTree = "<group>";
		};
		DD5B608C1D61AED00094950D /* homePage */ = {
			isa = PBXGroup;
			children = (
				DD5B608D1D61AED00094950D /* controller */,
				DD5B608E1D61AED00094950D /* model */,
				DD5B608F1D61AED00094950D /* view */,
			);
			path = homePage;
			sourceTree = "<group>";
		};
		DD5B608D1D61AED00094950D /* controller */ = {
			isa = PBXGroup;
			children = (
				DD5B60D21D61BFF90094950D /* HomeViewController.swift */,
			);
			path = controller;
			sourceTree = "<group>";
		};
		DD5B608E1D61AED00094950D /* model */ = {
			isa = PBXGroup;
			children = (
				DD1252121D6303DE00159994 /* HomeModel.swift */,
			);
			path = model;
			sourceTree = "<group>";
		};
		DD5B608F1D61AED00094950D /* view */ = {
			isa = PBXGroup;
			children = (
			);
			path = view;
			sourceTree = "<group>";
		};
		DD5B60901D61AED00094950D /* movie */ = {
			isa = PBXGroup;
			children = (
				DD5B60911D61AED00094950D /* homePage */,
			);
			path = movie;
			sourceTree = "<group>";
		};
		DD5B60911D61AED00094950D /* homePage */ = {
			isa = PBXGroup;
			children = (
				DD5B60921D61AED00094950D /* controller */,
				DD5B60931D61AED00094950D /* model */,
				DD5B60941D61AED00094950D /* view */,
			);
			path = homePage;
			sourceTree = "<group>";
		};
		DD5B60921D61AED00094950D /* controller */ = {
			isa = PBXGroup;
			children = (
				DD5B60D61D61C0160094950D /* MovieViewController.swift */,
			);
			path = controller;
			sourceTree = "<group>";
		};
		DD5B60931D61AED00094950D /* model */ = {
			isa = PBXGroup;
			children = (
				DD336C131D648CD300617867 /* MovieModel.swift */,
			);
			path = model;
			sourceTree = "<group>";
		};
		DD5B60941D61AED00094950D /* view */ = {
			isa = PBXGroup;
			children = (
				DD336C151D64902C00617867 /* MovieCell.swift */,
				DD336C161D64902C00617867 /* MovieCell.xib */,
			);
			path = view;
			sourceTree = "<group>";
		};
		DD5B60951D61AED00094950D /* music */ = {
			isa = PBXGroup;
			children = (
				DD5B60961D61AED00094950D /* homePage */,
			);
			path = music;
			sourceTree = "<group>";
		};
		DD5B60961D61AED00094950D /* homePage */ = {
			isa = PBXGroup;
			children = (
				DD5B60971D61AED00094950D /* controller */,
				DD5B60981D61AED00094950D /* model */,
				DD5B60991D61AED00094950D /* view */,
			);
			path = homePage;
			sourceTree = "<group>";
		};
		DD5B60971D61AED00094950D /* controller */ = {
			isa = PBXGroup;
			children = (
				DD5B60D81D61C0220094950D /* MusicViewController.swift */,
			);
			path = controller;
			sourceTree = "<group>";
		};
		DD5B60981D61AED00094950D /* model */ = {
			isa = PBXGroup;
			children = (
			);
			path = model;
			sourceTree = "<group>";
		};
		DD5B60991D61AED00094950D /* view */ = {
			isa = PBXGroup;
			children = (
			);
			path = view;
			sourceTree = "<group>";
		};
		DD5B609A1D61AED00094950D /* read */ = {
			isa = PBXGroup;
			children = (
				DD5B609B1D61AED00094950D /* homePage */,
			);
			path = read;
			sourceTree = "<group>";
		};
		DD5B609B1D61AED00094950D /* homePage */ = {
			isa = PBXGroup;
			children = (
				DD5B609C1D61AED00094950D /* controller */,
				DD5B609D1D61AED00094950D /* model */,
				DD5B609E1D61AED00094950D /* view */,
			);
			path = homePage;
			sourceTree = "<group>";
		};
		DD5B609C1D61AED00094950D /* controller */ = {
			isa = PBXGroup;
			children = (
				DD5B60DA1D61C0330094950D /* ReadViewController.swift */,
			);
			path = controller;
			sourceTree = "<group>";
		};
		DD5B609D1D61AED00094950D /* model */ = {
			isa = PBXGroup;
			children = (
			);
			path = model;
			sourceTree = "<group>";
		};
		DD5B609E1D61AED00094950D /* view */ = {
			isa = PBXGroup;
			children = (
			);
			path = view;
			sourceTree = "<group>";
		};
		DD5B609F1D61AED00094950D /* thirdParty */ = {
			isa = PBXGroup;
			children = (
				DD1252301D630DAE00159994 /* Sources */,
			);
			path = thirdParty;
			sourceTree = "<group>";
		};
		DD5B60AF1D61BE390094950D /* resouce */ = {
			isa = PBXGroup;
			children = (
				DD336C081D645F3900617867 /* iconfont */,
				DD1252681D63187D00159994 /* tarBar */,
				DD5B60B01D61BE390094950D /* appItem */,
				DD5B60BA1D61BE390094950D /* launchImage */,
			);
			name = resouce;
			path = classes/resouce;
			sourceTree = "<group>";
		};
		DD5B60B01D61BE390094950D /* appItem */ = {
			isa = PBXGroup;
			children = (
				DD5B60B11D61BE390094950D /* AppIcon29x29@2x.png */,
				DD5B60B21D61BE390094950D /* AppIcon29x29@2x~ipad.png */,
				DD5B60B31D61BE390094950D /* AppIcon29x29@3x.png */,
				DD5B60B41D61BE390094950D /* AppIcon40x40@2x.png */,
				DD5B60B51D61BE390094950D /* AppIcon40x40@2x~ipad.png */,
				DD5B60B61D61BE390094950D /* AppIcon40x40@3x.png */,
				DD5B60B71D61BE390094950D /* AppIcon40x40~ipad.png */,
				DD5B60B81D61BE390094950D /* AppIcon60x60@2x.png */,
				DD5B60B91D61BE390094950D /* AppIcon60x60@3x.png */,
			);
			path = appItem;
			sourceTree = "<group>";
		};
		DD5B60BA1D61BE390094950D /* launchImage */ = {
			isa = PBXGroup;
			children = (
				DD5B60BB1D61BE390094950D /* LaunchImage-700-568h@2x.png */,
				DD5B60BC1D61BE390094950D /* LaunchImage-700@2x.png */,
				DD5B60BD1D61BE390094950D /* LaunchImage-800-667h@2x.png */,
				DD5B60BE1D61BE390094950D /* LaunchImage-800-Landscape-736h@3x.png */,
				DD5B60BF1D61BE390094950D /* LaunchImage-800-Portrait-736h@3x.png */,
			);
			path = launchImage;
			sourceTree = "<group>";
		};
/* End PBXGroup section */

/* Begin PBXNativeTarget section */
		DD5B60571D61AC260094950D /* One */ = {
			isa = PBXNativeTarget;
			buildConfigurationList = DD5B60801D61AC260094950D /* Build configuration list for PBXNativeTarget "One" */;
			buildPhases = (
				C61506F0098F801A9C1B6BC9 /* [CP] Check Pods Manifest.lock */,
				DD5B60541D61AC260094950D /* Sources */,
				DD5B60551D61AC260094950D /* Frameworks */,
				DD5B60561D61AC260094950D /* Resources */,
				314227C4E010566E2AD7BF28 /* [CP] Embed Pods Frameworks */,
				2213093EB09810A57E217B0F /* [CP] Copy Pods Resources */,
			);
			buildRules = (
			);
			dependencies = (
			);
			name = One;
			productName = One;
			productReference = DD5B60581D61AC260094950D /* One.app */;
			productType = "com.apple.product-type.application";
		};
		DD5B606B1D61AC260094950D /* OneTests */ = {
			isa = PBXNativeTarget;
			buildConfigurationList = DD5B60831D61AC260094950D /* Build configuration list for PBXNativeTarget "OneTests" */;
			buildPhases = (
				DD5B60681D61AC260094950D /* Sources */,
				DD5B60691D61AC260094950D /* Frameworks */,
				DD5B606A1D61AC260094950D /* Resources */,
			);
			buildRules = (
			);
			dependencies = (
				DD5B606E1D61AC260094950D /* PBXTargetDependency */,
			);
			name = OneTests;
			productName = OneTests;
			productReference = DD5B606C1D61AC260094950D /* OneTests.xctest */;
			productType = "com.apple.product-type.bundle.unit-test";
		};
		DD5B60761D61AC260094950D /* OneUITests */ = {
			isa = PBXNativeTarget;
			buildConfigurationList = DD5B60861D61AC260094950D /* Build configuration list for PBXNativeTarget "OneUITests" */;
			buildPhases = (
				DD5B60731D61AC260094950D /* Sources */,
				DD5B60741D61AC260094950D /* Frameworks */,
				DD5B60751D61AC260094950D /* Resources */,
			);
			buildRules = (
			);
			dependencies = (
				DD5B60791D61AC260094950D /* PBXTargetDependency */,
			);
			name = OneUITests;
			productName = OneUITests;
			productReference = DD5B60771D61AC260094950D /* OneUITests.xctest */;
			productType = "com.apple.product-type.bundle.ui-testing";
		};
/* End PBXNativeTarget section */

/* Begin PBXProject section */
		DD5B60501D61AC260094950D /* Project object */ = {
			isa = PBXProject;
			attributes = {
				LastSwiftUpdateCheck = 0730;
				LastUpgradeCheck = 0730;
				ORGANIZATIONNAME = liuguyang;
				TargetAttributes = {
					DD5B60571D61AC260094950D = {
						CreatedOnToolsVersion = 7.3.1;
					};
					DD5B606B1D61AC260094950D = {
						CreatedOnToolsVersion = 7.3.1;
						TestTargetID = DD5B60571D61AC260094950D;
					};
					DD5B60761D61AC260094950D = {
						CreatedOnToolsVersion = 7.3.1;
						TestTargetID = DD5B60571D61AC260094950D;
					};
				};
			};
			buildConfigurationList = DD5B60531D61AC260094950D /* Build configuration list for PBXProject "One" */;
			compatibilityVersion = "Xcode 3.2";
			developmentRegion = English;
			hasScannedForEncodings = 0;
			knownRegions = (
				en,
				Base,
			);
			mainGroup = DD5B604F1D61AC260094950D;
			productRefGroup = DD5B60591D61AC260094950D /* Products */;
			projectDirPath = "";
			projectRoot = "";
			targets = (
				DD5B60571D61AC260094950D /* One */,
				DD5B606B1D61AC260094950D /* OneTests */,
				DD5B60761D61AC260094950D /* OneUITests */,
			);
		};
/* End PBXProject section */

/* Begin PBXResourcesBuildPhase section */
		DD5B60561D61AC260094950D /* Resources */ = {
			isa = PBXResourcesBuildPhase;
			buildActionMask = 2147483647;
			files = (
				DD5B60C01D61BE390094950D /* AppIcon29x29@2x.png in Resources */,
				DD5B60C21D61BE390094950D /* AppIcon29x29@3x.png in Resources */,
				DD1252801D63187D00159994 /* app_read@2.png in Resources */,
				DD1252761D63187D00159994 /* app_home@1.png in Resources */,
				DD336C0A1D645F3900617867 /* world.png in Resources */,
				DD336C111D648A6C00617867 /* fangfajin.png in Resources */,
				DD1252791D63187D00159994 /* app_movie@1.png in Resources */,
				DD336C0E1D6484F400617867 /* book.png in Resources */,
				DD336C121D648A6C00617867 /* person.png in Resources */,
				DD12527A1D63187D00159994 /* app_movie@2.png in Resources */,
				DD5B60C31D61BE390094950D /* AppIcon40x40@2x.png in Resources */,
				DD12527F1D63187D00159994 /* app_read@1.png in Resources */,
				DD5B60CC1D61BE390094950D /* LaunchImage-800-Landscape-736h@3x.png in Resources */,
				DD5B60C41D61BE390094950D /* AppIcon40x40@2x~ipad.png in Resources */,
				DD5B60C71D61BE390094950D /* AppIcon60x60@2x.png in Resources */,
				DD12527B1D63187D00159994 /* app_music.png in Resources */,
				DD1252751D63187D00159994 /* app_home.png in Resources */,
				DD5B60CA1D61BE390094950D /* LaunchImage-700@2x.png in Resources */,
				DD12527E1D63187D00159994 /* app_read.png in Resources */,
				DD1252821D63188D00159994 /* bg.png in Resources */,
				DD5B60CD1D61BE390094950D /* LaunchImage-800-Portrait-736h@3x.png in Resources */,
				DD5B60C11D61BE390094950D /* AppIcon29x29@2x~ipad.png in Resources */,
				DD5B60661D61AC260094950D /* LaunchScreen.storyboard in Resources */,
				DD1252771D63187D00159994 /* app_home@2.png in Resources */,
				DD5B60C81D61BE390094950D /* AppIcon60x60@3x.png in Resources */,
				DD12527D1D63187D00159994 /* app_music@2.png in Resources */,
				DD12527C1D63187D00159994 /* app_music@1.png in Resources */,
				DD5B60C61D61BE390094950D /* AppIcon40x40~ipad.png in Resources */,
				DD5B60CB1D61BE390094950D /* LaunchImage-800-667h@2x.png in Resources */,
				DD336C181D64902C00617867 /* MovieCell.xib in Resources */,
				DD5B60631D61AC260094950D /* Assets.xcassets in Resources */,
				DD5B60C91D61BE390094950D /* LaunchImage-700-568h@2x.png in Resources */,
				DD1252781D63187D00159994 /* app_movie.png in Resources */,
				DD5B60611D61AC260094950D /* Main.storyboard in Resources */,
				DD5B60C51D61BE390094950D /* AppIcon40x40@3x.png in Resources */,
			);
			runOnlyForDeploymentPostprocessing = 0;
		};
		DD5B606A1D61AC260094950D /* Resources */ = {
			isa = PBXResourcesBuildPhase;
			buildActionMask = 2147483647;
			files = (
			);
			runOnlyForDeploymentPostprocessing = 0;
		};
		DD5B60751D61AC260094950D /* Resources */ = {
			isa = PBXResourcesBuildPhase;
			buildActionMask = 2147483647;
			files = (
			);
			runOnlyForDeploymentPostprocessing = 0;
		};
/* End PBXResourcesBuildPhase section */

/* Begin PBXShellScriptBuildPhase section */
		2213093EB09810A57E217B0F /* [CP] Copy Pods Resources */ = {
			isa = PBXShellScriptBuildPhase;
			buildActionMask = 2147483647;
			files = (
			);
			inputPaths = (
			);
			name = "[CP] Copy Pods Resources";
			outputPaths = (
			);
			runOnlyForDeploymentPostprocessing = 0;
			shellPath = /bin/sh;
			shellScript = "\"${SRCROOT}/Pods/Target Support Files/Pods-One/Pods-One-resources.sh\"\n";
			showEnvVarsInLog = 0;
		};
		314227C4E010566E2AD7BF28 /* [CP] Embed Pods Frameworks */ = {
			isa = PBXShellScriptBuildPhase;
			buildActionMask = 2147483647;
			files = (
			);
			inputPaths = (
			);
			name = "[CP] Embed Pods Frameworks";
			outputPaths = (
			);
			runOnlyForDeploymentPostprocessing = 0;
			shellPath = /bin/sh;
			shellScript = "\"${SRCROOT}/Pods/Target Support Files/Pods-One/Pods-One-frameworks.sh\"\n";
			showEnvVarsInLog = 0;
		};
		C61506F0098F801A9C1B6BC9 /* [CP] Check Pods Manifest.lock */ = {
			isa = PBXShellScriptBuildPhase;
			buildActionMask = 2147483647;
			files = (
			);
			inputPaths = (
			);
			name = "[CP] Check Pods Manifest.lock";
			outputPaths = (
			);
			runOnlyForDeploymentPostprocessing = 0;
			shellPath = /bin/sh;
			shellScript = "diff \"${PODS_ROOT}/../Podfile.lock\" \"${PODS_ROOT}/Manifest.lock\" > /dev/null\nif [[ $? != 0 ]] ; then\n    cat << EOM\nerror: The sandbox is not in sync with the Podfile.lock. Run 'pod install' or update your CocoaPods installation.\nEOM\n    exit 1\nfi\n";
			showEnvVarsInLog = 0;
		};
/* End PBXShellScriptBuildPhase section */

/* Begin PBXSourcesBuildPhase section */
		DD5B60541D61AC260094950D /* Sources */ = {
			isa = PBXSourcesBuildPhase;
			buildActionMask = 2147483647;
			files = (
				DD336C141D648CD300617867 /* MovieModel.swift in Sources */,
				DD336C0C1D64669900617867 /* UIImageView+Util.swift in Sources */,
				DD5B60AA1D61B2B40094950D /* UIImage+Gif.swift in Sources */,
				DD5689341D61DD79007C65FB /* Download.swift in Sources */,
				DD5689321D61DCAC007C65FB /* NavViewController.swift in Sources */,
				DD1252461D630DAE00159994 /* KingfisherManager.swift in Sources */,
				DD5B60DF1D61C2290094950D /* UIButton+Util.swift in Sources */,
				DD1252841D632EBB00159994 /* CustomImageView.swift in Sources */,
				DD5B605E1D61AC260094950D /* ViewController.swift in Sources */,
				DD5B60CF1D61BF900094950D /* MainTabBarController.swift in Sources */,
				DD5B60E01D61C2290094950D /* UILabel+Util.swift in Sources */,
				DD5B60D71D61C0160094950D /* MovieViewController.swift in Sources */,
				DD1252451D630DAE00159994 /* ImageView+Kingfisher.swift in Sources */,
				DD1252471D630DAE00159994 /* KingfisherOptionsInfo.swift in Sources */,
				DD1252441D630DAE00159994 /* ImageTransition.swift in Sources */,
				DD5B60DB1D61C0330094950D /* ReadViewController.swift in Sources */,
				DD1252131D6303DE00159994 /* HomeModel.swift in Sources */,
				DD1252411D630DAE00159994 /* ImageCache.swift in Sources */,
				DD336C171D64902C00617867 /* MovieCell.swift in Sources */,
				DD12524A1D630DAE00159994 /* ThreadHelper.swift in Sources */,
				DD5B605C1D61AC260094950D /* AppDelegate.swift in Sources */,
				DD12523F1D630DAE00159994 /* AnimatedImageView.swift in Sources */,
				DD5B60AE1D61B3800094950D /* LaunchImageViewController.swift in Sources */,
				DD1252481D630DAE00159994 /* Resource.swift in Sources */,
				DD1252401D630DAE00159994 /* Image.swift in Sources */,
				DD5B60E51D61C51B0094950D /* LFConst.swift in Sources */,
				DD1252421D630DAE00159994 /* ImageDownloader.swift in Sources */,
				DD5B60E11D61C2290094950D /* UIView+Util.swift in Sources */,
				DD1252491D630DAE00159994 /* String+MD5.swift in Sources */,
				DD12524B1D630DAE00159994 /* UIButton+Kingfisher.swift in Sources */,
				DD5B60D91D61C0220094950D /* MusicViewController.swift in Sources */,
				DD1252431D630DAE00159994 /* ImagePrefetcher.swift in Sources */,
				DD5B60D31D61BFF90094950D /* HomeViewController.swift in Sources */,
				DD5B60D11D61BFE70094950D /* BaseViewController.swift in Sources */,
			);
			runOnlyForDeploymentPostprocessing = 0;
		};
		DD5B60681D61AC260094950D /* Sources */ = {
			isa = PBXSourcesBuildPhase;
			buildActionMask = 2147483647;
			files = (
				DD5B60711D61AC260094950D /* OneTests.swift in Sources */,
			);
			runOnlyForDeploymentPostprocessing = 0;
		};
		DD5B60731D61AC260094950D /* Sources */ = {
			isa = PBXSourcesBuildPhase;
			buildActionMask = 2147483647;
			files = (
				DD5B607C1D61AC260094950D /* OneUITests.swift in Sources */,
			);
			runOnlyForDeploymentPostprocessing = 0;
		};
/* End PBXSourcesBuildPhase section */

/* Begin PBXTargetDependency section */
		DD5B606E1D61AC260094950D /* PBXTargetDependency */ = {
			isa = PBXTargetDependency;
			target = DD5B60571D61AC260094950D /* One */;
			targetProxy = DD5B606D1D61AC260094950D /* PBXContainerItemProxy */;
		};
		DD5B60791D61AC260094950D /* PBXTargetDependency */ = {
			isa = PBXTargetDependency;
			target = DD5B60571D61AC260094950D /* One */;
			targetProxy = DD5B60781D61AC260094950D /* PBXContainerItemProxy */;
		};
/* End PBXTargetDependency section */

/* Begin PBXVariantGroup section */
		DD5B605F1D61AC260094950D /* Main.storyboard */ = {
			isa = PBXVariantGroup;
			children = (
				DD5B60601D61AC260094950D /* Base */,
			);
			name = Main.storyboard;
			sourceTree = "<group>";
		};
		DD5B60641D61AC260094950D /* LaunchScreen.storyboard */ = {
			isa = PBXVariantGroup;
			children = (
				DD5B60651D61AC260094950D /* Base */,
			);
			name = LaunchScreen.storyboard;
			sourceTree = "<group>";
		};
/* End PBXVariantGroup section */

/* Begin XCBuildConfiguration section */
		DD5B607E1D61AC260094950D /* Debug */ = {
			isa = XCBuildConfiguration;
			buildSettings = {
				ALWAYS_SEARCH_USER_PATHS = NO;
				CLANG_ANALYZER_NONNULL = YES;
				CLANG_CXX_LANGUAGE_STANDARD = "gnu++0x";
				CLANG_CXX_LIBRARY = "libc++";
				CLANG_ENABLE_MODULES = YES;
				CLANG_ENABLE_OBJC_ARC = YES;
				CLANG_WARN_BOOL_CONVERSION = YES;
				CLANG_WARN_CONSTANT_CONVERSION = YES;
				CLANG_WARN_DIRECT_OBJC_ISA_USAGE = YES_ERROR;
				CLANG_WARN_EMPTY_BODY = YES;
				CLANG_WARN_ENUM_CONVERSION = YES;
				CLANG_WARN_INT_CONVERSION = YES;
				CLANG_WARN_OBJC_ROOT_CLASS = YES_ERROR;
				CLANG_WARN_UNREACHABLE_CODE = YES;
				CLANG_WARN__DUPLICATE_METHOD_MATCH = YES;
				"CODE_SIGN_IDENTITY[sdk=iphoneos*]" = "iPhone Developer";
				COPY_PHASE_STRIP = NO;
				DEBUG_INFORMATION_FORMAT = dwarf;
				ENABLE_STRICT_OBJC_MSGSEND = YES;
				ENABLE_TESTABILITY = YES;
				GCC_C_LANGUAGE_STANDARD = gnu99;
				GCC_DYNAMIC_NO_PIC = NO;
				GCC_NO_COMMON_BLOCKS = YES;
				GCC_OPTIMIZATION_LEVEL = 0;
				GCC_PREPROCESSOR_DEFINITIONS = (
					"DEBUG=1",
					"$(inherited)",
				);
				GCC_WARN_64_TO_32_BIT_CONVERSION = YES;
				GCC_WARN_ABOUT_RETURN_TYPE = YES_ERROR;
				GCC_WARN_UNDECLARED_SELECTOR = YES;
				GCC_WARN_UNINITIALIZED_AUTOS = YES_AGGRESSIVE;
				GCC_WARN_UNUSED_FUNCTION = YES;
				GCC_WARN_UNUSED_VARIABLE = YES;
				IPHONEOS_DEPLOYMENT_TARGET = 9.3;
				MTL_ENABLE_DEBUG_INFO = YES;
				ONLY_ACTIVE_ARCH = YES;
				SDKROOT = iphoneos;
				SWIFT_OPTIMIZATION_LEVEL = "-Onone";
			};
			name = Debug;
		};
		DD5B607F1D61AC260094950D /* Release */ = {
			isa = XCBuildConfiguration;
			buildSettings = {
				ALWAYS_SEARCH_USER_PATHS = NO;
				CLANG_ANALYZER_NONNULL = YES;
				CLANG_CXX_LANGUAGE_STANDARD = "gnu++0x";
				CLANG_CXX_LIBRARY = "libc++";
				CLANG_ENABLE_MODULES = YES;
				CLANG_ENABLE_OBJC_ARC = YES;
				CLANG_WARN_BOOL_CONVERSION = YES;
				CLANG_WARN_CONSTANT_CONVERSION = YES;
				CLANG_WARN_DIRECT_OBJC_ISA_USAGE = YES_ERROR;
				CLANG_WARN_EMPTY_BODY = YES;
				CLANG_WARN_ENUM_CONVERSION = YES;
				CLANG_WARN_INT_CONVERSION = YES;
				CLANG_WARN_OBJC_ROOT_CLASS = YES_ERROR;
				CLANG_WARN_UNREACHABLE_CODE = YES;
				CLANG_WARN__DUPLICATE_METHOD_MATCH = YES;
				"CODE_SIGN_IDENTITY[sdk=iphoneos*]" = "iPhone Developer";
				COPY_PHASE_STRIP = NO;
				DEBUG_INFORMATION_FORMAT = "dwarf-with-dsym";
				ENABLE_NS_ASSERTIONS = NO;
				ENABLE_STRICT_OBJC_MSGSEND = YES;
				GCC_C_LANGUAGE_STANDARD = gnu99;
				GCC_NO_COMMON_BLOCKS = YES;
				GCC_WARN_64_TO_32_BIT_CONVERSION = YES;
				GCC_WARN_ABOUT_RETURN_TYPE = YES_ERROR;
				GCC_WARN_UNDECLARED_SELECTOR = YES;
				GCC_WARN_UNINITIALIZED_AUTOS = YES_AGGRESSIVE;
				GCC_WARN_UNUSED_FUNCTION = YES;
				GCC_WARN_UNUSED_VARIABLE = YES;
				IPHONEOS_DEPLOYMENT_TARGET = 9.3;
				MTL_ENABLE_DEBUG_INFO = NO;
				SDKROOT = iphoneos;
				VALIDATE_PRODUCT = YES;
			};
			name = Release;
		};
		DD5B60811D61AC260094950D /* Debug */ = {
			isa = XCBuildConfiguration;
			baseConfigurationReference = 7F48818A8731C02DCA3A4C97 /* Pods-One.debug.xcconfig */;
			buildSettings = {
				ASSETCATALOG_COMPILER_APPICON_NAME = AppIcon;
				ASSETCATALOG_COMPILER_LAUNCHIMAGE_NAME = LaunchImage;
				INFOPLIST_FILE = One/Info.plist;
				IPHONEOS_DEPLOYMENT_TARGET = 9.0;
				LD_RUNPATH_SEARCH_PATHS = "$(inherited) @executable_path/Frameworks";
				PRODUCT_BUNDLE_IDENTIFIER = cn.lgy93.One;
				PRODUCT_NAME = "$(TARGET_NAME)";
			};
			name = Debug;
		};
		DD5B60821D61AC260094950D /* Release */ = {
			isa = XCBuildConfiguration;
			baseConfigurationReference = 5595D86E23DF00D00BD8E8B3 /* Pods-One.release.xcconfig */;
			buildSettings = {
				ASSETCATALOG_COMPILER_APPICON_NAME = AppIcon;
				ASSETCATALOG_COMPILER_LAUNCHIMAGE_NAME = LaunchImage;
				INFOPLIST_FILE = One/Info.plist;
				IPHONEOS_DEPLOYMENT_TARGET = 9.0;
				LD_RUNPATH_SEARCH_PATHS = "$(inherited) @executable_path/Frameworks";
				PRODUCT_BUNDLE_IDENTIFIER = cn.lgy93.One;
				PRODUCT_NAME = "$(TARGET_NAME)";
			};
			name = Release;
		};
		DD5B60841D61AC260094950D /* Debug */ = {
			isa = XCBuildConfiguration;
			buildSettings = {
				BUNDLE_LOADER = "$(TEST_HOST)";
				INFOPLIST_FILE = OneTests/Info.plist;
				LD_RUNPATH_SEARCH_PATHS = "$(inherited) @executable_path/Frameworks @loader_path/Frameworks";
				PRODUCT_BUNDLE_IDENTIFIER = cn.lgy93.OneTests;
				PRODUCT_NAME = "$(TARGET_NAME)";
				TEST_HOST = "$(BUILT_PRODUCTS_DIR)/One.app/One";
			};
			name = Debug;
		};
		DD5B60851D61AC260094950D /* Release */ = {
			isa = XCBuildConfiguration;
			buildSettings = {
				BUNDLE_LOADER = "$(TEST_HOST)";
				INFOPLIST_FILE = OneTests/Info.plist;
				LD_RUNPATH_SEARCH_PATHS = "$(inherited) @executable_path/Frameworks @loader_path/Frameworks";
				PRODUCT_BUNDLE_IDENTIFIER = cn.lgy93.OneTests;
				PRODUCT_NAME = "$(TARGET_NAME)";
				TEST_HOST = "$(BUILT_PRODUCTS_DIR)/One.app/One";
			};
			name = Release;
		};
		DD5B60871D61AC260094950D /* Debug */ = {
			isa = XCBuildConfiguration;
			buildSettings = {
				INFOPLIST_FILE = OneUITests/Info.plist;
				LD_RUNPATH_SEARCH_PATHS = "$(inherited) @executable_path/Frameworks @loader_path/Frameworks";
				PRODUCT_BUNDLE_IDENTIFIER = cn.lgy93.OneUITests;
				PRODUCT_NAME = "$(TARGET_NAME)";
				TEST_TARGET_NAME = One;
			};
			name = Debug;
		};
		DD5B60881D61AC260094950D /* Release */ = {
			isa = XCBuildConfiguration;
			buildSettings = {
				INFOPLIST_FILE = OneUITests/Info.plist;
				LD_RUNPATH_SEARCH_PATHS = "$(inherited) @executable_path/Frameworks @loader_path/Frameworks";
				PRODUCT_BUNDLE_IDENTIFIER = cn.lgy93.OneUITests;
				PRODUCT_NAME = "$(TARGET_NAME)";
				TEST_TARGET_NAME = One;
			};
			name = Release;
		};
/* End XCBuildConfiguration section */

/* Begin XCConfigurationList section */
		DD5B60531D61AC260094950D /* Build configuration list for PBXProject "One" */ = {
			isa = XCConfigurationList;
			buildConfigurations = (
				DD5B607E1D61AC260094950D /* Debug */,
				DD5B607F1D61AC260094950D /* Release */,
			);
			defaultConfigurationIsVisible = 0;
			defaultConfigurationName = Release;
		};
		DD5B60801D61AC260094950D /* Build configuration list for PBXNativeTarget "One" */ = {
			isa = XCConfigurationList;
			buildConfigurations = (
				DD5B60811D61AC260094950D /* Debug */,
				DD5B60821D61AC260094950D /* Release */,
			);
			defaultConfigurationIsVisible = 0;
			defaultConfigurationName = Release;
		};
		DD5B60831D61AC260094950D /* Build configuration list for PBXNativeTarget "OneTests" */ = {
			isa = XCConfigurationList;
			buildConfigurations = (
				DD5B60841D61AC260094950D /* Debug */,
				DD5B60851D61AC260094950D /* Release */,
			);
			defaultConfigurationIsVisible = 0;
			defaultConfigurationName = Release;
		};
		DD5B60861D61AC260094950D /* Build configuration list for PBXNativeTarget "OneUITests" */ = {
			isa = XCConfigurationList;
			buildConfigurations = (
				DD5B60871D61AC260094950D /* Debug */,
				DD5B60881D61AC260094950D /* Release */,
			);
			defaultConfigurationIsVisible = 0;
			defaultConfigurationName = Release;
		};
/* End XCConfigurationList section */
	};
	rootObject = DD5B60501D61AC260094950D /* Project object */;
}
